
Microsoft Visual Studio Solution File, Format Version 12.00
# Visual Studio Version 16
VisualStudioVersion = 16.0.28922.388
MinimumVisualStudioVersion = 10.0.40219.1
Project("{FAE04EC0-301F-11D3-BF4B-00C04F79EFBC}") = "AzureStorageQueue", "AzureStorageQueue\AzureStorageQueue.csproj", "{C51AA257-47A6-48D3-9155-B8651E0C0EB9}"
EndProject
Global
	GlobalSection(SolutionConfigurationPlatforms) = preSolution
		Debug|Any CPU = Debug|Any CPU
		Release|Any CPU = Release|Any CPU
	EndGlobalSection
	GlobalSection(ProjectConfigurationPlatforms) = postSolution
		{C51AA257-47A6-48D3-9155-B8651E0C0EB9}.Debug|Any CPU.ActiveCfg = Debug|Any CPU
		{C51AA257-47A6-48D3-9155-B8651E0C0EB9}.Debug|Any CPU.Build.0 = Debug|Any CPU
		{C51AA257-47A6-48D3-9155-B8651E0C0EB9}.Release|Any CPU.ActiveCfg = Release|Any CPU
		{C51AA257-47A6-48D3-9155-B8651E0C0EB9}.Release|Any CPU.Build.0 = Release|Any CPU
	EndGlobalSection
	GlobalSection(SolutionProperties) = preSolution
		HideSolutionNode = FALSE
	EndGlobalSection
	GlobalSection(ExtensibilityGlobals) = postSolution
		SolutionGuid = {2A353A93-E7E4-4615-8FED-F02570F53D3B}
	EndGlobalSection
EndGlobal
